
Microsoft Visual Studio Solution File, Format Version 12.00
# Visual Studio Version 17
VisualStudioVersion = 17.9.34616.47
MinimumVisualStudioVersion = 10.0.40219.1
Project("{FAE04EC0-301F-11D3-BF4B-00C04F79EFBC}") = "MotoApp2", "MotoApp2\MotoApp2.csproj", "{F23521D0-F3C9-44C6-AC97-A3CFD848844C}"
EndProject
Global
	GlobalSection(SolutionConfigurationPlatforms) = preSolution
		Debug|Any CPU = Debug|Any CPU
		Release|Any CPU = Release|Any CPU
	EndGlobalSection
	GlobalSection(ProjectConfigurationPlatforms) = postSolution
		{F23521D0-F3C9-44C6-AC97-A3CFD848844C}.Debug|Any CPU.ActiveCfg = Debug|Any CPU
		{F23521D0-F3C9-44C6-AC97-A3CFD848844C}.Debug|Any CPU.Build.0 = Debug|Any CPU
		{F23521D0-F3C9-44C6-AC97-A3CFD848844C}.Release|Any CPU.ActiveCfg = Release|Any CPU
		{F23521D0-F3C9-44C6-AC97-A3CFD848844C}.Release|Any CPU.Build.0 = Release|Any CPU
	EndGlobalSection
	GlobalSection(SolutionProperties) = preSolution
		HideSolutionNode = FALSE
	EndGlobalSection
	GlobalSection(ExtensibilityGlobals) = postSolution
		SolutionGuid = {84778223-5903-472B-BE7D-3B11B6097441}
	EndGlobalSection
EndGlobal
